
Microsoft Visual Studio Solution File, Format Version 12.00
# Visual Studio 2013
VisualStudioVersion = 12.0.31101.0
MinimumVisualStudioVersion = 10.0.40219.1
Project("{FAE04EC0-301F-11D3-BF4B-00C04F79EFBC}") = "GenericMethodInvocation", "GenericMethodInvocation\GenericMethodInvocation.csproj", "{AACA4FFC-A9E0-40EA-8D2B-3479D5A3EA8A}"
EndProject
Project("{FAE04EC0-301F-11D3-BF4B-00C04F79EFBC}") = "GenericMethodInvocation.Test", "GenericMethodInvocation.Test\GenericMethodInvocation.Test.csproj", "{93C5AB83-9203-4659-98C6-C55F788681FE}"
EndProject
Global
	GlobalSection(SolutionConfigurationPlatforms) = preSolution
		Debug|Any CPU = Debug|Any CPU
		Release|Any CPU = Release|Any CPU
	EndGlobalSection
	GlobalSection(ProjectConfigurationPlatforms) = postSolution
		{AACA4FFC-A9E0-40EA-8D2B-3479D5A3EA8A}.Debug|Any CPU.ActiveCfg = Debug|Any CPU
		{AACA4FFC-A9E0-40EA-8D2B-3479D5A3EA8A}.Debug|Any CPU.Build.0 = Debug|Any CPU
		{AACA4FFC-A9E0-40EA-8D2B-3479D5A3EA8A}.Release|Any CPU.ActiveCfg = Release|Any CPU
		{AACA4FFC-A9E0-40EA-8D2B-3479D5A3EA8A}.Release|Any CPU.Build.0 = Release|Any CPU
		{93C5AB83-9203-4659-98C6-C55F788681FE}.Debug|Any CPU.ActiveCfg = Debug|Any CPU
		{93C5AB83-9203-4659-98C6-C55F788681FE}.Debug|Any CPU.Build.0 = Debug|Any CPU
		{93C5AB83-9203-4659-98C6-C55F788681FE}.Release|Any CPU.ActiveCfg = Release|Any CPU
		{93C5AB83-9203-4659-98C6-C55F788681FE}.Release|Any CPU.Build.0 = Release|Any CPU
	EndGlobalSection
	GlobalSection(SolutionProperties) = preSolution
		HideSolutionNode = FALSE
	EndGlobalSection
EndGlobal
